version = 1
revision = 1
requires-python = ">=3.12"

[[package]]
name = "password-strength-meter"
version = "0.1.0"
source = { virtual = "." }
dependencies = [
    { name = "zxcvbn" },
]

[package.metadata]
requires-dist = [{ name = "zxcvbn", specifier = ">=4.5.0" }]

[[package]]
name = "zxcvbn"
version = "4.5.0"
source = { registry = "https://pypi.org/simple" }
sdist = { url = "https://files.pythonhosted.org/packages/ae/40/9366940b1484fd4e9423c8decbbf34a73bf52badb36281e082fe02b57aca/zxcvbn-4.5.0.tar.gz", hash = "sha256:70392c0fff39459d7f55d0211151401e79e76fcc6e2c22b61add62900359c7c1", size = 411249 }
wheels = [
    { url = "https://files.pythonhosted.org/packages/c2/16/7410f8e714a109d43d17f4e27c8eabb351557653a9b570db1bd7dfdfd822/zxcvbn-4.5.0-py2.py3-none-any.whl", hash = "sha256:2b6eed621612ce6d65e6e4c7455b966acee87d0280e257956b1f06ccc66bd5ff", size = 409397 },
]
